Microsoft Visual Studio Solution File, Format Version 12.00
# Visual Studio Version 17
VisualStudioVersion = 17.5.2.0
MinimumVisualStudioVersion = 10.0.40219.1
Project("{FAE04EC0-301F-11D3-BF4B-00C04F79EFBC}") = "ArchitectureDemo", "ArchitectureDemo.csproj", "{6EE19123-7E0F-8CF2-56E3-1147927314B1}"
EndProject
Global
	GlobalSection(SolutionConfigurationPlatforms) = preSolution
		Debug|Any CPU = Debug|Any CPU
		Release|Any CPU = Release|Any CPU
	EndGlobalSection
	GlobalSection(ProjectConfigurationPlatforms) = postSolution
		{6EE19123-7E0F-8CF2-56E3-1147927314B1}.Debug|Any CPU.ActiveCfg = Debug|Any CPU
		{6EE19123-7E0F-8CF2-56E3-1147927314B1}.Debug|Any CPU.Build.0 = Debug|Any CPU
		{6EE19123-7E0F-8CF2-56E3-1147927314B1}.Release|Any CPU.ActiveCfg = Release|Any CPU
		{6EE19123-7E0F-8CF2-56E3-1147927314B1}.Release|Any CPU.Build.0 = Release|Any CPU
	EndGlobalSection
	GlobalSection(SolutionProperties) = preSolution
		HideSolutionNode = FALSE
	EndGlobalSection
	GlobalSection(ExtensibilityGlobals) = postSolution
		SolutionGuid = {0A6AC024-B303-426D-A918-6C3DD6A10457}
	EndGlobalSection
EndGlobal
