Microsoft Visual Studio Solution File, Format Version 12.00
# Visual Studio Version 17
VisualStudioVersion = 17.5.2.0
MinimumVisualStudioVersion = 10.0.40219.1
Project("{FAE04EC0-301F-11D3-BF4B-00C04F79EFBC}") = "FeedbackFormApplication", "FeedbackFormApplication.csproj", "{61913906-7BB3-65FC-DCF1-00C6DDE19AC0}"
EndProject
Global
	GlobalSection(SolutionConfigurationPlatforms) = preSolution
		Debug|Any CPU = Debug|Any CPU
		Release|Any CPU = Release|Any CPU
	EndGlobalSection
	GlobalSection(ProjectConfigurationPlatforms) = postSolution
		{61913906-7BB3-65FC-DCF1-00C6DDE19AC0}.Debug|Any CPU.ActiveCfg = Debug|Any CPU
		{61913906-7BB3-65FC-DCF1-00C6DDE19AC0}.Debug|Any CPU.Build.0 = Debug|Any CPU
		{61913906-7BB3-65FC-DCF1-00C6DDE19AC0}.Release|Any CPU.ActiveCfg = Release|Any CPU
		{61913906-7BB3-65FC-DCF1-00C6DDE19AC0}.Release|Any CPU.Build.0 = Release|Any CPU
	EndGlobalSection
	GlobalSection(SolutionProperties) = preSolution
		HideSolutionNode = FALSE
	EndGlobalSection
	GlobalSection(ExtensibilityGlobals) = postSolution
		SolutionGuid = {0982D2FA-D373-49A0-8D56-101A93DE7AA6}
	EndGlobalSection
EndGlobal
