Microsoft Visual Studio Solution File, Format Version 12.00
# Visual Studio Version 17
VisualStudioVersion = 17.5.2.0
MinimumVisualStudioVersion = 10.0.40219.1
Project("{FAE04EC0-301F-11D3-BF4B-00C04F79EFBC}") = "MvcBlazorTest", "MvcBlazorTest.csproj", "{FBF964BD-D0DD-EEFF-E04F-EDD6EC153EBB}"
EndProject
Global
	GlobalSection(SolutionConfigurationPlatforms) = preSolution
		Debug|Any CPU = Debug|Any CPU
		Release|Any CPU = Release|Any CPU
	EndGlobalSection
	GlobalSection(ProjectConfigurationPlatforms) = postSolution
		{FBF964BD-D0DD-EEFF-E04F-EDD6EC153EBB}.Debug|Any CPU.ActiveCfg = Debug|Any CPU
		{FBF964BD-D0DD-EEFF-E04F-EDD6EC153EBB}.Debug|Any CPU.Build.0 = Debug|Any CPU
		{FBF964BD-D0DD-EEFF-E04F-EDD6EC153EBB}.Release|Any CPU.ActiveCfg = Release|Any CPU
		{FBF964BD-D0DD-EEFF-E04F-EDD6EC153EBB}.Release|Any CPU.Build.0 = Release|Any CPU
	EndGlobalSection
	GlobalSection(SolutionProperties) = preSolution
		HideSolutionNode = FALSE
	EndGlobalSection
	GlobalSection(ExtensibilityGlobals) = postSolution
		SolutionGuid = {9B7DB896-EA26-4672-BA43-D23A55E5F5E8}
	EndGlobalSection
EndGlobal
